
Microsoft Visual Studio Solution File, Format Version 12.00
# Visual Studio 14
VisualStudioVersion = 14.0.25420.1
MinimumVisualStudioVersion = 10.0.40219.1
Project("{FAE04EC0-301F-11D3-BF4B-00C04F79EFBC}") = "TestsApp", "TestsApp\TestsApp.csproj", "{F518CB53-EA9F-4D23-BEFC-07DF8562EAE2}"
EndProject
Global
	GlobalSection(SolutionConfigurationPlatforms) = preSolution
		Debug|Any CPU = Debug|Any CPU
		Release|Any CPU = Release|Any CPU
	EndGlobalSection
	GlobalSection(ProjectConfigurationPlatforms) = postSolution
		{F518CB53-EA9F-4D23-BEFC-07DF8562EAE2}.Debug|Any CPU.ActiveCfg = Debug|Any CPU
		{F518CB53-EA9F-4D23-BEFC-07DF8562EAE2}.Debug|Any CPU.Build.0 = Debug|Any CPU
		{F518CB53-EA9F-4D23-BEFC-07DF8562EAE2}.Release|Any CPU.ActiveCfg = Release|Any CPU
		{F518CB53-EA9F-4D23-BEFC-07DF8562EAE2}.Release|Any CPU.Build.0 = Release|Any CPU
	EndGlobalSection
	GlobalSection(SolutionProperties) = preSolution
		HideSolutionNode = FALSE
	EndGlobalSection
EndGlobal
